
Microsoft Visual Studio Solution File, Format Version 12.00
# Visual Studio Version 16
VisualStudioVersion = 16.0.30114.105
MinimumVisualStudioVersion = 10.0.40219.1
Project("{FAE04EC0-301F-11D3-BF4B-00C04F79EFBC}") = "JustAuth", "JustAuth\JustAuth.csproj", "{15222353-84A8-4053-96F0-CE837ED2AB39}"
EndProject
Project("{FAE04EC0-301F-11D3-BF4B-00C04F79EFBC}") = "JustAuth.Tests", "JustAuth.Tests\JustAuth.Tests.csproj", "{3EF5151E-92B8-4993-A39A-FF55B9017D61}"
EndProject
Global
	GlobalSection(SolutionConfigurationPlatforms) = preSolution
		Debug|Any CPU = Debug|Any CPU
		Release|Any CPU = Release|Any CPU
	EndGlobalSection
	GlobalSection(SolutionProperties) = preSolution
		HideSolutionNode = FALSE
	EndGlobalSection
	GlobalSection(ProjectConfigurationPlatforms) = postSolution
		{15222353-84A8-4053-96F0-CE837ED2AB39}.Debug|Any CPU.ActiveCfg = Debug|Any CPU
		{15222353-84A8-4053-96F0-CE837ED2AB39}.Debug|Any CPU.Build.0 = Debug|Any CPU
		{15222353-84A8-4053-96F0-CE837ED2AB39}.Release|Any CPU.ActiveCfg = Release|Any CPU
		{15222353-84A8-4053-96F0-CE837ED2AB39}.Release|Any CPU.Build.0 = Release|Any CPU
		{3EF5151E-92B8-4993-A39A-FF55B9017D61}.Debug|Any CPU.ActiveCfg = Debug|Any CPU
		{3EF5151E-92B8-4993-A39A-FF55B9017D61}.Debug|Any CPU.Build.0 = Debug|Any CPU
		{3EF5151E-92B8-4993-A39A-FF55B9017D61}.Release|Any CPU.ActiveCfg = Release|Any CPU
		{3EF5151E-92B8-4993-A39A-FF55B9017D61}.Release|Any CPU.Build.0 = Release|Any CPU
	EndGlobalSection
EndGlobal
